
Microsoft Visual Studio Solution File, Format Version 12.00
# Visual Studio Version 16
VisualStudioVersion = 16.0.29519.87
MinimumVisualStudioVersion = 10.0.40219.1
Project("{FAE04EC0-301F-11D3-BF4B-00C04F79EFBC}") = "Gioco", "Gioco\Gioco.csproj", "{1BF8C144-03C7-4268-A02B-FC0CC8047C4A}"
EndProject
Global
	GlobalSection(SolutionConfigurationPlatforms) = preSolution
		Debug|Any CPU = Debug|Any CPU
		Release|Any CPU = Release|Any CPU
	EndGlobalSection
	GlobalSection(ProjectConfigurationPlatforms) = postSolution
		{1BF8C144-03C7-4268-A02B-FC0CC8047C4A}.Debug|Any CPU.ActiveCfg = Debug|Any CPU
		{1BF8C144-03C7-4268-A02B-FC0CC8047C4A}.Debug|Any CPU.Build.0 = Debug|Any CPU
		{1BF8C144-03C7-4268-A02B-FC0CC8047C4A}.Release|Any CPU.ActiveCfg = Release|Any CPU
		{1BF8C144-03C7-4268-A02B-FC0CC8047C4A}.Release|Any CPU.Build.0 = Release|Any CPU
	EndGlobalSection
	GlobalSection(SolutionProperties) = preSolution
		HideSolutionNode = FALSE
	EndGlobalSection
	GlobalSection(ExtensibilityGlobals) = postSolution
		SolutionGuid = {18B2320A-080D-4C41-BE93-19E3620F5B12}
	EndGlobalSection
EndGlobal
